
Microsoft Visual Studio Solution File, Format Version 12.00
# Visual Studio 15
VisualStudioVersion = 15.0.28307.645
MinimumVisualStudioVersion = 10.0.40219.1
Project("{FAE04EC0-301F-11D3-BF4B-00C04F79EFBC}") = "Integracao_Api_GED_Core_2", "Integracao_Api_GED_Core_2\Integracao_Api_GED_Core_2.csproj", "{F24B9D13-3ED4-4F22-A8EB-7485C86167E5}"
EndProject
Project("{FAE04EC0-301F-11D3-BF4B-00C04F79EFBC}") = "JwtSwagger.Infrastructure", "JwtSwagger.Infrastructure\JwtSwagger.Infrastructure.csproj", "{E4C15D29-0EF8-4C66-BAC9-CFAA6BA4283D}"
EndProject
Global
	GlobalSection(SolutionConfigurationPlatforms) = preSolution
		Debug|Any CPU = Debug|Any CPU
		Release|Any CPU = Release|Any CPU
	EndGlobalSection
	GlobalSection(ProjectConfigurationPlatforms) = postSolution
		{F24B9D13-3ED4-4F22-A8EB-7485C86167E5}.Debug|Any CPU.ActiveCfg = Debug|Any CPU
		{F24B9D13-3ED4-4F22-A8EB-7485C86167E5}.Debug|Any CPU.Build.0 = Debug|Any CPU
		{F24B9D13-3ED4-4F22-A8EB-7485C86167E5}.Release|Any CPU.ActiveCfg = Release|Any CPU
		{F24B9D13-3ED4-4F22-A8EB-7485C86167E5}.Release|Any CPU.Build.0 = Release|Any CPU
		{E4C15D29-0EF8-4C66-BAC9-CFAA6BA4283D}.Debug|Any CPU.ActiveCfg = Debug|Any CPU
		{E4C15D29-0EF8-4C66-BAC9-CFAA6BA4283D}.Debug|Any CPU.Build.0 = Debug|Any CPU
		{E4C15D29-0EF8-4C66-BAC9-CFAA6BA4283D}.Release|Any CPU.ActiveCfg = Release|Any CPU
		{E4C15D29-0EF8-4C66-BAC9-CFAA6BA4283D}.Release|Any CPU.Build.0 = Release|Any CPU
	EndGlobalSection
	GlobalSection(SolutionProperties) = preSolution
		HideSolutionNode = FALSE
	EndGlobalSection
	GlobalSection(ExtensibilityGlobals) = postSolution
		SolutionGuid = {24922284-BD4D-4F59-A0D0-C8CFF4262453}
	EndGlobalSection
EndGlobal
